
Microsoft Visual Studio Solution File, Format Version 12.00
# Visual Studio 2013
VisualStudioVersion = 12.0.31101.0
MinimumVisualStudioVersion = 10.0.40219.1
Project("{FAE04EC0-301F-11D3-BF4B-00C04F79EFBC}") = "PrintNumbers", "PrintNumbers.csproj", "{E4132226-6F7A-4828-BB08-2A092476C2A0}"
EndProject
Project("{FAE04EC0-301F-11D3-BF4B-00C04F79EFBC}") = "NumbersLibrary", "NumbersLibrary\NumbersLibrary.csproj", "{262651C7-AF46-439D-A918-8057E7BC8E48}"
EndProject
Global
	GlobalSection(SolutionConfigurationPlatforms) = preSolution
		Debug|Any CPU = Debug|Any CPU
		Release|Any CPU = Release|Any CPU
	EndGlobalSection
	GlobalSection(ProjectConfigurationPlatforms) = postSolution
		{E4132226-6F7A-4828-BB08-2A092476C2A0}.Debug|Any CPU.ActiveCfg = Debug|Any CPU
		{E4132226-6F7A-4828-BB08-2A092476C2A0}.Debug|Any CPU.Build.0 = Debug|Any CPU
		{E4132226-6F7A-4828-BB08-2A092476C2A0}.Release|Any CPU.ActiveCfg = Release|Any CPU
		{E4132226-6F7A-4828-BB08-2A092476C2A0}.Release|Any CPU.Build.0 = Release|Any CPU
		{262651C7-AF46-439D-A918-8057E7BC8E48}.Debug|Any CPU.ActiveCfg = Debug|Any CPU
		{262651C7-AF46-439D-A918-8057E7BC8E48}.Debug|Any CPU.Build.0 = Debug|Any CPU
		{262651C7-AF46-439D-A918-8057E7BC8E48}.Release|Any CPU.ActiveCfg = Release|Any CPU
		{262651C7-AF46-439D-A918-8057E7BC8E48}.Release|Any CPU.Build.0 = Release|Any CPU
	EndGlobalSection
	GlobalSection(SolutionProperties) = preSolution
		HideSolutionNode = FALSE
	EndGlobalSection
EndGlobal
